{
  "version": 4,
  "terraform_version": "0.12.24",
  "serial": 4,
  "lineage": "4bf1d975-23cf-596d-dbed-59dcb4ee4ce1",
  "outputs": {},
  "resources": [
    {
      "mode": "data",
      "type": "aws_subnet",
      "name": "public",
      "each": "map",
      "provider": "provider.aws",
      "instances": [
        {
          "index_key": "subnet-03b3bd40b2ba86557",
          "schema_version": 0,
          "attributes": {
            "arn": "arn:aws:ec2:us-east-1:755158282479:subnet/subnet-03b3bd40b2ba86557",
            "assign_ipv6_address_on_creation": false,
            "availability_zone": "us-east-1d",
            "availability_zone_id": "use1-az6",
            "cidr_block": "9.0.16.0/22",
            "default_for_az": false,
            "filter": null,
            "id": "subnet-03b3bd40b2ba86557",
            "ipv6_cidr_block": null,
            "ipv6_cidr_block_association_id": null,
            "map_public_ip_on_launch": true,
            "owner_id": "755158282479",
            "state": "available",
            "tags": {
              "Name": "fiap-lab_public_igw_us-east-1d",
              "Tier": "Public",
              "env": "prod"
            },
            "vpc_id": "vpc-0a2beaa60d45108ed"
          }
        },
        {
          "index_key": "subnet-098634f0bf00b96c5",
          "schema_version": 0,
          "attributes": {
            "arn": "arn:aws:ec2:us-east-1:755158282479:subnet/subnet-098634f0bf00b96c5",
            "assign_ipv6_address_on_creation": false,
            "availability_zone": "us-east-1b",
            "availability_zone_id": "use1-az2",
            "cidr_block": "9.0.8.0/22",
            "default_for_az": false,
            "filter": null,
            "id": "subnet-098634f0bf00b96c5",
            "ipv6_cidr_block": null,
            "ipv6_cidr_block_association_id": null,
            "map_public_ip_on_launch": true,
            "owner_id": "755158282479",
            "state": "available",
            "tags": {
              "Name": "fiap-lab_public_igw_us-east-1b",
              "Tier": "Public",
              "env": "prod"
            },
            "vpc_id": "vpc-0a2beaa60d45108ed"
          }
        },
        {
          "index_key": "subnet-0b3943f39c85000f7",
          "schema_version": 0,
          "attributes": {
            "arn": "arn:aws:ec2:us-east-1:755158282479:subnet/subnet-0b3943f39c85000f7",
            "assign_ipv6_address_on_creation": false,
            "availability_zone": "us-east-1a",
            "availability_zone_id": "use1-az1",
            "cidr_block": "9.0.4.0/22",
            "default_for_az": false,
            "filter": null,
            "id": "subnet-0b3943f39c85000f7",
            "ipv6_cidr_block": null,
            "ipv6_cidr_block_association_id": null,
            "map_public_ip_on_launch": true,
            "owner_id": "755158282479",
            "state": "available",
            "tags": {
              "Name": "fiap-lab_public_igw_us-east-1a",
              "Tier": "Public",
              "env": "prod"
            },
            "vpc_id": "vpc-0a2beaa60d45108ed"
          }
        },
        {
          "index_key": "subnet-0b694a038df99a64c",
          "schema_version": 0,
          "attributes": {
            "arn": "arn:aws:ec2:us-east-1:755158282479:subnet/subnet-0b694a038df99a64c",
            "assign_ipv6_address_on_creation": false,
            "availability_zone": "us-east-1e",
            "availability_zone_id": "use1-az3",
            "cidr_block": "9.0.20.0/22",
            "default_for_az": false,
            "filter": null,
            "id": "subnet-0b694a038df99a64c",
            "ipv6_cidr_block": null,
            "ipv6_cidr_block_association_id": null,
            "map_public_ip_on_launch": true,
            "owner_id": "755158282479",
            "state": "available",
            "tags": {
              "Name": "fiap-lab_public_igw_us-east-1e",
              "Tier": "Public",
              "env": "prod"
            },
            "vpc_id": "vpc-0a2beaa60d45108ed"
          }
        },
        {
          "index_key": "subnet-0bd400a2367bbbc10",
          "schema_version": 0,
          "attributes": {
            "arn": "arn:aws:ec2:us-east-1:755158282479:subnet/subnet-0bd400a2367bbbc10",
            "assign_ipv6_address_on_creation": false,
            "availability_zone": "us-east-1f",
            "availability_zone_id": "use1-az5",
            "cidr_block": "9.0.24.0/22",
            "default_for_az": false,
            "filter": null,
            "id": "subnet-0bd400a2367bbbc10",
            "ipv6_cidr_block": null,
            "ipv6_cidr_block_association_id": null,
            "map_public_ip_on_launch": true,
            "owner_id": "755158282479",
            "state": "available",
            "tags": {
              "Name": "fiap-lab_public_igw_us-east-1f",
              "Tier": "Public",
              "env": "prod"
            },
            "vpc_id": "vpc-0a2beaa60d45108ed"
          }
        },
        {
          "index_key": "subnet-0ccb04a765a58b414",
          "schema_version": 0,
          "attributes": {
            "arn": "arn:aws:ec2:us-east-1:755158282479:subnet/subnet-0ccb04a765a58b414",
            "assign_ipv6_address_on_creation": false,
            "availability_zone": "us-east-1c",
            "availability_zone_id": "use1-az4",
            "cidr_block": "9.0.12.0/22",
            "default_for_az": false,
            "filter": null,
            "id": "subnet-0ccb04a765a58b414",
            "ipv6_cidr_block": null,
            "ipv6_cidr_block_association_id": null,
            "map_public_ip_on_launch": true,
            "owner_id": "755158282479",
            "state": "available",
            "tags": {
              "Name": "fiap-lab_public_igw_us-east-1c",
              "Tier": "Public",
              "env": "prod"
            },
            "vpc_id": "vpc-0a2beaa60d45108ed"
          }
        }
      ]
    },
    {
      "mode": "data",
      "type": "aws_subnet_ids",
      "name": "all",
      "provider": "provider.aws",
      "instances": [
        {
          "schema_version": 0,
          "attributes": {
            "filter": null,
            "id": "vpc-0a2beaa60d45108ed",
            "ids": [
              "subnet-03b3bd40b2ba86557",
              "subnet-098634f0bf00b96c5",
              "subnet-0b3943f39c85000f7",
              "subnet-0b694a038df99a64c",
              "subnet-0bd400a2367bbbc10",
              "subnet-0ccb04a765a58b414"
            ],
            "tags": {
              "Tier": "Public"
            },
            "vpc_id": "vpc-0a2beaa60d45108ed"
          }
        }
      ]
    },
    {
      "mode": "data",
      "type": "aws_vpc",
      "name": "vpc",
      "provider": "provider.aws",
      "instances": [
        {
          "schema_version": 0,
          "attributes": {
            "arn": "arn:aws:ec2:us-east-1:755158282479:vpc/vpc-0a2beaa60d45108ed",
            "cidr_block": "9.0.0.0/16",
            "cidr_block_associations": [
              {
                "association_id": "vpc-cidr-assoc-0afb4ff015391c393",
                "cidr_block": "9.0.0.0/16",
                "state": "associated"
              }
            ],
            "default": false,
            "dhcp_options_id": "dopt-b753f7cd",
            "enable_dns_hostnames": true,
            "enable_dns_support": true,
            "filter": null,
            "id": "vpc-0a2beaa60d45108ed",
            "instance_tenancy": "default",
            "ipv6_association_id": null,
            "ipv6_cidr_block": null,
            "main_route_table_id": "rtb-07a4727018c4b36d8",
            "owner_id": "755158282479",
            "state": "available",
            "tags": {
              "Name": "fiap-lab",
              "env": "prod"
            }
          }
        }
      ]
    },
    {
      "mode": "managed",
      "type": "aws_elb",
      "name": "web",
      "provider": "provider.aws",
      "instances": []
    },
    {
      "mode": "managed",
      "type": "aws_instance",
      "name": "web",
      "each": "list",
      "provider": "provider.aws",
      "instances": [
        {
          "index_key": 0,
          "status": "tainted",
          "schema_version": 1,
          "attributes": {
            "ami": "ami-13be557e",
            "arn": "arn:aws:ec2:us-east-1:755158282479:instance/i-0aa1056db772405aa",
            "associate_public_ip_address": true,
            "availability_zone": "us-east-1d",
            "cpu_core_count": 1,
            "cpu_threads_per_core": 1,
            "credit_specification": [
              {
                "cpu_credits": "standard"
              }
            ],
            "disable_api_termination": false,
            "ebs_block_device": [],
            "ebs_optimized": false,
            "ephemeral_block_device": [],
            "get_password_data": false,
            "hibernation": false,
            "host_id": null,
            "iam_instance_profile": "",
            "id": "i-0aa1056db772405aa",
            "instance_initiated_shutdown_behavior": null,
            "instance_state": "running",
            "instance_type": "t2.micro",
            "ipv6_address_count": 0,
            "ipv6_addresses": [],
            "key_name": "fiap-lab",
            "monitoring": false,
            "network_interface": [],
            "network_interface_id": null,
            "password_data": "",
            "placement_group": "",
            "primary_network_interface_id": "eni-03a0545029acbbb31",
            "private_dns": "ip-9-0-19-51.ec2.internal",
            "private_ip": "9.0.19.51",
            "public_dns": "ec2-107-23-201-226.compute-1.amazonaws.com",
            "public_ip": "107.23.201.226",
            "root_block_device": [
              {
                "delete_on_termination": true,
                "encrypted": false,
                "iops": 100,
                "kms_key_id": "",
                "volume_id": "vol-0e147260da5eb243a",
                "volume_size": 8,
                "volume_type": "gp2"
              }
            ],
            "security_groups": [],
            "source_dest_check": true,
            "subnet_id": "subnet-03b3bd40b2ba86557",
            "tags": {
              "Name": "nginx-001"
            },
            "tenancy": "default",
            "timeouts": null,
            "user_data": null,
            "user_data_base64": null,
            "volume_tags": {},
            "vpc_security_group_ids": [
              "sg-07926ff8109baa8b5"
            ]
          },
          "private": "eyJlMmJmYjczMC1lY2FhLTExZTYtOGY4OC0zNDM2M2JjN2M0YzAiOnsiY3JlYXRlIjo2MDAwMDAwMDAwMDAsImRlbGV0ZSI6MTIwMDAwMDAwMDAwMCwidXBkYXRlIjo2MDAwMDAwMDAwMDB9LCJzY2hlbWFfdmVyc2lvbiI6IjEifQ==",
          "dependencies": [
            "aws_security_group.allow-ssh",
            "random_shuffle.random_subnet"
          ]
        },
        {
          "index_key": 1,
          "status": "tainted",
          "schema_version": 1,
          "attributes": {
            "ami": "ami-13be557e",
            "arn": "arn:aws:ec2:us-east-1:755158282479:instance/i-05afa3fbe04a03090",
            "associate_public_ip_address": true,
            "availability_zone": "us-east-1d",
            "cpu_core_count": 1,
            "cpu_threads_per_core": 1,
            "credit_specification": [
              {
                "cpu_credits": "standard"
              }
            ],
            "disable_api_termination": false,
            "ebs_block_device": [],
            "ebs_optimized": false,
            "ephemeral_block_device": [],
            "get_password_data": false,
            "hibernation": false,
            "host_id": null,
            "iam_instance_profile": "",
            "id": "i-05afa3fbe04a03090",
            "instance_initiated_shutdown_behavior": null,
            "instance_state": "running",
            "instance_type": "t2.micro",
            "ipv6_address_count": 0,
            "ipv6_addresses": [],
            "key_name": "fiap-lab",
            "monitoring": false,
            "network_interface": [],
            "network_interface_id": null,
            "password_data": "",
            "placement_group": "",
            "primary_network_interface_id": "eni-0d9582fe095bd88c1",
            "private_dns": "ip-9-0-16-23.ec2.internal",
            "private_ip": "9.0.16.23",
            "public_dns": "ec2-54-224-14-215.compute-1.amazonaws.com",
            "public_ip": "54.224.14.215",
            "root_block_device": [
              {
                "delete_on_termination": true,
                "encrypted": false,
                "iops": 100,
                "kms_key_id": "",
                "volume_id": "vol-0c62b468af897b9fc",
                "volume_size": 8,
                "volume_type": "gp2"
              }
            ],
            "security_groups": [],
            "source_dest_check": true,
            "subnet_id": "subnet-03b3bd40b2ba86557",
            "tags": {
              "Name": "nginx-002"
            },
            "tenancy": "default",
            "timeouts": null,
            "user_data": null,
            "user_data_base64": null,
            "volume_tags": {},
            "vpc_security_group_ids": [
              "sg-07926ff8109baa8b5"
            ]
          },
          "private": "eyJlMmJmYjczMC1lY2FhLTExZTYtOGY4OC0zNDM2M2JjN2M0YzAiOnsiY3JlYXRlIjo2MDAwMDAwMDAwMDAsImRlbGV0ZSI6MTIwMDAwMDAwMDAwMCwidXBkYXRlIjo2MDAwMDAwMDAwMDB9LCJzY2hlbWFfdmVyc2lvbiI6IjEifQ==",
          "dependencies": [
            "aws_security_group.allow-ssh",
            "random_shuffle.random_subnet"
          ]
        }
      ]
    },
    {
      "mode": "managed",
      "type": "aws_s3_bucket",
      "name": "b",
      "provider": "provider.aws",
      "instances": [
        {
          "schema_version": 0,
          "attributes": {
            "acceleration_status": "",
            "acl": "private",
            "arn": "arn:aws:s3:::lab-fiap-334099",
            "bucket": "lab-fiap-334099",
            "bucket_domain_name": "lab-fiap-334099.s3.amazonaws.com",
            "bucket_prefix": null,
            "bucket_regional_domain_name": "lab-fiap-334099.s3.amazonaws.com",
            "cors_rule": [],
            "force_destroy": false,
            "grant": [],
            "hosted_zone_id": "Z3AQBSTGFYJSTF",
            "id": "lab-fiap-334099",
            "lifecycle_rule": [],
            "logging": [],
            "object_lock_configuration": [],
            "policy": null,
            "region": "us-east-1",
            "replication_configuration": [],
            "request_payer": "BucketOwner",
            "server_side_encryption_configuration": [],
            "tags": {
              "Environment": "admin",
              "Name": "lab-fiap-334099"
            },
            "versioning": [
              {
                "enabled": true,
                "mfa_delete": false
              }
            ],
            "website": [],
            "website_domain": null,
            "website_endpoint": null
          },
          "private": "bnVsbA=="
        }
      ]
    },
    {
      "mode": "managed",
      "type": "aws_security_group",
      "name": "allow-ssh",
      "provider": "provider.aws",
      "instances": [
        {
          "schema_version": 1,
          "attributes": {
            "arn": "arn:aws:ec2:us-east-1:755158282479:security-group/sg-07926ff8109baa8b5",
            "description": "Managed by Terraform",
            "egress": [
              {
                "cidr_blocks": [
                  "0.0.0.0/0"
                ],
                "description": "",
                "from_port": 0,
                "ipv6_cidr_blocks": [],
                "prefix_list_ids": [],
                "protocol": "-1",
                "security_groups": [],
                "self": false,
                "to_port": 0
              }
            ],
            "id": "sg-07926ff8109baa8b5",
            "ingress": [
              {
                "cidr_blocks": [
                  "0.0.0.0/0"
                ],
                "description": "",
                "from_port": 22,
                "ipv6_cidr_blocks": [],
                "prefix_list_ids": [],
                "protocol": "tcp",
                "security_groups": [],
                "self": false,
                "to_port": 22
              },
              {
                "cidr_blocks": [
                  "0.0.0.0/0"
                ],
                "description": "",
                "from_port": 80,
                "ipv6_cidr_blocks": [],
                "prefix_list_ids": [],
                "protocol": "tcp",
                "security_groups": [],
                "self": false,
                "to_port": 80
              }
            ],
            "name": "allow-ssh",
            "name_prefix": null,
            "owner_id": "755158282479",
            "revoke_rules_on_delete": false,
            "tags": {
              "Name": "allow-ssh"
            },
            "timeouts": null,
            "vpc_id": "vpc-0a2beaa60d45108ed"
          },
          "private": "eyJlMmJmYjczMC1lY2FhLTExZTYtOGY4OC0zNDM2M2JjN2M0YzAiOnsiY3JlYXRlIjo2MDAwMDAwMDAwMDAsImRlbGV0ZSI6NjAwMDAwMDAwMDAwfSwic2NoZW1hX3ZlcnNpb24iOiIxIn0="
        }
      ]
    },
    {
      "mode": "managed",
      "type": "random_shuffle",
      "name": "random_subnet",
      "provider": "provider.random",
      "instances": [
        {
          "schema_version": 0,
          "attributes": {
            "id": "-",
            "input": [
              "subnet-03b3bd40b2ba86557",
              "subnet-098634f0bf00b96c5",
              "subnet-0b3943f39c85000f7",
              "subnet-0b694a038df99a64c",
              "subnet-0bd400a2367bbbc10",
              "subnet-0ccb04a765a58b414"
            ],
            "keepers": null,
            "result": [
              "subnet-03b3bd40b2ba86557"
            ],
            "result_count": 1,
            "seed": null
          },
          "private": "bnVsbA=="
        }
      ]
    }
  ]
}
